
Microsoft Visual Studio Solution File, Format Version 12.00
# Visual Studio Version 17
VisualStudioVersion = 17.5.002.0
MinimumVisualStudioVersion = 10.0.40219.1
Project("{9A19103F-16F7-4668-BE54-9A1E7A4F7556}") = "advent_of_code_2023", "advent_of_code_2023.csproj", "{2072C43C-1971-4E54-AA0E-AE313F409489}"
EndProject
Global
	GlobalSection(SolutionConfigurationPlatforms) = preSolution
		Debug|Any CPU = Debug|Any CPU
		Release|Any CPU = Release|Any CPU
	EndGlobalSection
	GlobalSection(ProjectConfigurationPlatforms) = postSolution
		{2072C43C-1971-4E54-AA0E-AE313F409489}.Debug|Any CPU.ActiveCfg = Debug|Any CPU
		{2072C43C-1971-4E54-AA0E-AE313F409489}.Debug|Any CPU.Build.0 = Debug|Any CPU
		{2072C43C-1971-4E54-AA0E-AE313F409489}.Release|Any CPU.ActiveCfg = Release|Any CPU
		{2072C43C-1971-4E54-AA0E-AE313F409489}.Release|Any CPU.Build.0 = Release|Any CPU
	EndGlobalSection
	GlobalSection(SolutionProperties) = preSolution
		HideSolutionNode = FALSE
	EndGlobalSection
	GlobalSection(ExtensibilityGlobals) = postSolution
		SolutionGuid = {436E88D3-CBCD-4950-81F7-A650D2E982C7}
	EndGlobalSection
EndGlobal
